
Microsoft Visual Studio Solution File, Format Version 12.00
# Visual Studio Version 17
VisualStudioVersion = 17.4.33403.182
MinimumVisualStudioVersion = 10.0.40219.1
Project("{FAE04EC0-301F-11D3-BF4B-00C04F79EFBC}") = "DoAn_be", "DoAn_be\DoAn_be.csproj", "{18ACFB68-4475-4828-A915-D0B3E8C671A1}"
EndProject
Global
	GlobalSection(SolutionConfigurationPlatforms) = preSolution
		Debug|Any CPU = Debug|Any CPU
		Release|Any CPU = Release|Any CPU
	EndGlobalSection
	GlobalSection(ProjectConfigurationPlatforms) = postSolution
		{18ACFB68-4475-4828-A915-D0B3E8C671A1}.Debug|Any CPU.ActiveCfg = Debug|Any CPU
		{18ACFB68-4475-4828-A915-D0B3E8C671A1}.Debug|Any CPU.Build.0 = Debug|Any CPU
		{18ACFB68-4475-4828-A915-D0B3E8C671A1}.Release|Any CPU.ActiveCfg = Release|Any CPU
		{18ACFB68-4475-4828-A915-D0B3E8C671A1}.Release|Any CPU.Build.0 = Release|Any CPU
	EndGlobalSection
	GlobalSection(SolutionProperties) = preSolution
		HideSolutionNode = FALSE
	EndGlobalSection
	GlobalSection(ExtensibilityGlobals) = postSolution
		SolutionGuid = {981DF69F-008A-4135-BB72-60525F153D39}
	EndGlobalSection
EndGlobal
